
Microsoft Visual Studio Solution File, Format Version 12.00
# Visual Studio Version 17
VisualStudioVersion = 17.4.33110.190
MinimumVisualStudioVersion = 10.0.40219.1
Project("{FAE04EC0-301F-11D3-BF4B-00C04F79EFBC}") = "test", "test\test.csproj", "{96EBE032-896F-4A76-8324-32FFBAF9B0DF}"
EndProject
Global
	GlobalSection(SolutionConfigurationPlatforms) = preSolution
		Debug|Any CPU = Debug|Any CPU
		Release|Any CPU = Release|Any CPU
	EndGlobalSection
	GlobalSection(ProjectConfigurationPlatforms) = postSolution
		{96EBE032-896F-4A76-8324-32FFBAF9B0DF}.Debug|Any CPU.ActiveCfg = Debug|Any CPU
		{96EBE032-896F-4A76-8324-32FFBAF9B0DF}.Debug|Any CPU.Build.0 = Debug|Any CPU
		{96EBE032-896F-4A76-8324-32FFBAF9B0DF}.Release|Any CPU.ActiveCfg = Release|Any CPU
		{96EBE032-896F-4A76-8324-32FFBAF9B0DF}.Release|Any CPU.Build.0 = Release|Any CPU
	EndGlobalSection
	GlobalSection(SolutionProperties) = preSolution
		HideSolutionNode = FALSE
	EndGlobalSection
	GlobalSection(ExtensibilityGlobals) = postSolution
		SolutionGuid = {72B91CA5-C236-4C71-B166-0C60ABF9B04F}
	EndGlobalSection
EndGlobal
